
Microsoft Visual Studio Solution File, Format Version 12.00
# Visual Studio Version 17
VisualStudioVersion = 17.12.35506.116 d17.12
MinimumVisualStudioVersion = 10.0.40219.1
Project("{FAE04EC0-301F-11D3-BF4B-00C04F79EFBC}") = "NoteManagement.Server", "NoteManagement.Server\NoteManagement.Server.csproj", "{BCF79455-1543-4AF6-8B24-4BF1BE86DA58}"
EndProject
Project("{54A90642-561A-4BB1-A94E-469ADEE60C69}") = "notemanagement.client", "notemanagement.client\notemanagement.client.esproj", "{51DBE63F-6E6E-4EAE-96FA-01293B9FC433}"
EndProject
Global
	GlobalSection(SolutionConfigurationPlatforms) = preSolution
		Debug|Any CPU = Debug|Any CPU
		Release|Any CPU = Release|Any CPU
	EndGlobalSection
	GlobalSection(ProjectConfigurationPlatforms) = postSolution
		{BCF79455-1543-4AF6-8B24-4BF1BE86DA58}.Debug|Any CPU.ActiveCfg = Debug|Any CPU
		{BCF79455-1543-4AF6-8B24-4BF1BE86DA58}.Debug|Any CPU.Build.0 = Debug|Any CPU
		{BCF79455-1543-4AF6-8B24-4BF1BE86DA58}.Release|Any CPU.ActiveCfg = Release|Any CPU
		{BCF79455-1543-4AF6-8B24-4BF1BE86DA58}.Release|Any CPU.Build.0 = Release|Any CPU
		{51DBE63F-6E6E-4EAE-96FA-01293B9FC433}.Debug|Any CPU.ActiveCfg = Debug|Any CPU
		{51DBE63F-6E6E-4EAE-96FA-01293B9FC433}.Debug|Any CPU.Build.0 = Debug|Any CPU
		{51DBE63F-6E6E-4EAE-96FA-01293B9FC433}.Debug|Any CPU.Deploy.0 = Debug|Any CPU
		{51DBE63F-6E6E-4EAE-96FA-01293B9FC433}.Release|Any CPU.ActiveCfg = Release|Any CPU
		{51DBE63F-6E6E-4EAE-96FA-01293B9FC433}.Release|Any CPU.Build.0 = Release|Any CPU
		{51DBE63F-6E6E-4EAE-96FA-01293B9FC433}.Release|Any CPU.Deploy.0 = Release|Any CPU
	EndGlobalSection
	GlobalSection(SolutionProperties) = preSolution
		HideSolutionNode = FALSE
	EndGlobalSection
EndGlobal
